{
    "_meta": {
        "hash": {
            "sha256": "365fd6ed5b4d6ed67742c37d65d716918d0ac308fb50c5e7aca50693177e77bc"
        },
        "pipfile-spec": 6,
        "requires": {
            "python_version": "3.7"
        },
        "sources": [
            {
                "name": "pypi",
                "url": "https://pypi.org/simple",
                "verify_ssl": true
            }
        ]
    },
    "default": {
        "docopt": {
            "hashes": [
                "sha256:49b3a825280bd66b3aa83585ef59c4a8c82f2c8a522dbe754a8bc8d08c85c491"
            ],
            "version": "==0.6.2"
        },
        "et-xmlfile": {
            "hashes": [
                "sha256:8eb9e2bc2f8c97e37a2dc85a09ecdcdec9d8a396530a6d5a33b30b9a92da0c5c",
                "sha256:a2ba85d1d6a74ef63837eed693bcb89c3f752169b0e3e7ae5b16ca5e1b3deada"
            ],
            "markers": "python_version >= '3.6'",
            "version": "==1.1.0"
        },
        "greenlet": {
            "hashes": [
                "sha256:0051c6f1f27cb756ffc0ffbac7d2cd48cb0362ac1736871399a739b2885134d3",
                "sha256:00e44c8afdbe5467e4f7b5851be223be68adb4272f44696ee71fe46b7036a711",
                "sha256:013d61294b6cd8fe3242932c1c5e36e5d1db2c8afb58606c5a67efce62c1f5fd",
                "sha256:049fe7579230e44daef03a259faa24511d10ebfa44f69411d99e6a184fe68073",
                "sha256:14d4f3cd4e8b524ae9b8aa567858beed70c392fdec26dbdb0a8a418392e71708",
                "sha256:166eac03e48784a6a6e0e5f041cfebb1ab400b394db188c48b3a84737f505b67",
                "sha256:17ff94e7a83aa8671a25bf5b59326ec26da379ace2ebc4411d690d80a7fbcf23",
                "sha256:1e12bdc622676ce47ae9abbf455c189e442afdde8818d9da983085df6312e7a1",
                "sha256:21915eb821a6b3d9d8eefdaf57d6c345b970ad722f856cd71739493ce003ad08",
                "sha256:288c6a76705dc54fba69fbcb59904ae4ad768b4c768839b8ca5fdadec6dd8cfd",
                "sha256:2bde6792f313f4e918caabc46532aa64aa27a0db05d75b20edfc5c6f46479de2",
                "sha256:32ca72bbc673adbcfecb935bb3fb1b74e663d10a4b241aaa2f5a75fe1d1f90aa",
                "sha256:356b3576ad078c89a6107caa9c50cc14e98e3a6c4874a37c3e0273e4baf33de8",
                "sha256:40b951f601af999a8bf2ce8c71e8aaa4e8c6f78ff8afae7b808aae2dc50d4c40",
                "sha256:572e1787d1460da79590bf44304abbc0a2da944ea64ec549188fa84d89bba7ab",
                "sha256:58df5c2a0e293bf665a51f8a100d3e9956febfbf1d9aaf8c0677cf70218910c6",
                "sha256:64e6175c2e53195278d7388c454e0b30997573f3f4bd63697f88d855f7a6a1fc",
                "sha256:7227b47e73dedaa513cdebb98469705ef0d66eb5a1250144468e9c3097d6b59b",
                "sha256:7418b6bfc7fe3331541b84bb2141c9baf1ec7132a7ecd9f375912eca810e714e",
                "sha256:7cbd7574ce8e138bda9df4efc6bf2ab8572c9aff640d8ecfece1b006b68da963",
                "sha256:7ff61ff178250f9bb3cd89752df0f1dd0e27316a8bd1465351652b1b4a4cdfd3",
                "sha256:833e1551925ed51e6b44c800e71e77dacd7e49181fdc9ac9a0bf3714d515785d",
                "sha256:8639cadfda96737427330a094476d4c7a56ac03de7265622fcf4cfe57c8ae18d",
                "sha256:8c5d5b35f789a030ebb95bff352f1d27a93d81069f2adb3182d99882e095cefe",
                "sha256:8c790abda465726cfb8bb08bd4ca9a5d0a7bd77c7ac1ca1b839ad823b948ea28",
                "sha256:8d2f1fb53a421b410751887eb4ff21386d119ef9cde3797bf5e7ed49fb51a3b3",
                "sha256:903bbd302a2378f984aef528f76d4c9b1748f318fe1294961c072bdc7f2ffa3e",
                "sha256:93f81b134a165cc17123626ab8da2e30c0455441d4ab5576eed73a64c025b25c",
                "sha256:95e69877983ea39b7303570fa6760f81a3eec23d0e3ab2021b7144b94d06202d",
                "sha256:9633b3034d3d901f0a46b7939f8c4d64427dfba6bbc5a36b1a67364cf148a1b0",
                "sha256:97e5306482182170ade15c4b0d8386ded995a07d7cc2ca8f27958d34d6736497",
                "sha256:9f3cba480d3deb69f6ee2c1825060177a22c7826431458c697df88e6aeb3caee",
                "sha256:aa5b467f15e78b82257319aebc78dd2915e4c1436c3c0d1ad6f53e47ba6e2713",
                "sha256:abb7a75ed8b968f3061327c433a0fbd17b729947b400747c334a9c29a9af6c58",
                "sha256:aec52725173bd3a7b56fe91bc56eccb26fbdff1386ef123abb63c84c5b43b63a",
                "sha256:b11548073a2213d950c3f671aa88e6f83cda6e2fb97a8b6317b1b5b33d850e06",
                "sha256:b1692f7d6bc45e3200844be0dba153612103db241691088626a33ff1f24a0d88",
                "sha256:b336501a05e13b616ef81ce329c0e09ac5ed8c732d9ba7e3e983fcc1a9e86965",
                "sha256:b8c008de9d0daba7b6666aa5bbfdc23dcd78cafc33997c9b7741ff6353bafb7f",
                "sha256:b92e29e58bef6d9cfd340c72b04d74c4b4e9f70c9fa7c78b674d1fec18896dc4",
                "sha256:be5f425ff1f5f4b3c1e33ad64ab994eed12fc284a6ea71c5243fd564502ecbe5",
                "sha256:dd0b1e9e891f69e7675ba5c92e28b90eaa045f6ab134ffe70b52e948aa175b3c",
                "sha256:e30f5ea4ae2346e62cedde8794a56858a67b878dd79f7df76a0767e356b1744a",
                "sha256:e6a36bb9474218c7a5b27ae476035497a6990e21d04c279884eb10d9b290f1b1",
                "sha256:e859fcb4cbe93504ea18008d1df98dee4f7766db66c435e4882ab35cf70cac43",
                "sha256:eb6ea6da4c787111adf40f697b4e58732ee0942b5d3bd8f435277643329ba627",
                "sha256:ec8c433b3ab0419100bd45b47c9c8551248a5aee30ca5e9d399a0b57ac04651b",
                "sha256:eff9d20417ff9dcb0d25e2defc2574d10b491bf2e693b4e491914738b7908168",
                "sha256:f0214eb2a23b85528310dad848ad2ac58e735612929c8072f6093f3585fd342d",
                "sha256:f276df9830dba7a333544bd41070e8175762a7ac20350786b322b714b0e654f5",
                "sha256:f3acda1924472472ddd60c29e5b9db0cec629fbe3c5c5accb74d6d6d14773478",
                "sha256:f70a9e237bb792c7cc7e44c531fd48f5897961701cdaa06cf22fc14965c496cf",
                "sha256:f9d29ca8a77117315101425ec7ec2a47a22ccf59f5593378fc4077ac5b754fce",
                "sha256:fa877ca7f6b48054f847b61d6fa7bed5cebb663ebc55e018fda12db09dcc664c",
                "sha256:fdcec0b8399108577ec290f55551d926d9a1fa6cad45882093a7a07ac5ec147b"
            ],
            "markers": "python_version >= '3.0' and platform_machine == 'aarch64' or (platform_machine == 'ppc64le' or (platform_machine == 'x86_64' or (platform_machine == 'amd64' or (platform_machine == 'AMD64' or (platform_machine == 'win32' or platform_machine == 'WIN32')))))",
            "version": "==1.1.2"
        },
        "importlib-metadata": {
            "hashes": [
                "sha256:899e2a40a8c4a1aec681feef45733de8a6c58f3f6a0dbed2eb6574b4387a77b6",
                "sha256:951f0d8a5b7260e9db5e41d429285b5f451e928479f19d80818878527d36e95e"
            ],
            "markers": "python_version < '3.8'",
            "version": "==4.10.1"
        },
        "jdcal": {
            "hashes": [
                "sha256:1abf1305fce18b4e8aa248cf8fe0c56ce2032392bc64bbd61b5dff2a19ec8bba",
                "sha256:472872e096eb8df219c23f2689fc336668bdb43d194094b5cc1707e1640acfc8"
            ],
            "version": "==1.4.1"
        },
        "mysql-connector-python": {
            "hashes": [
                "sha256:1d6a15879f198b2e5938429a7547f68549bf18658e82a2a68a5b75ee23bd7a8c",
                "sha256:2121a32dfaf1ff5a41a7924fb5f03d66c307bac403a42581bc13f788574b8051",
                "sha256:29c4dcfc8e4a6df70cfff87cf3787c8ea7596e6f0a2ad4416155850f541928f4",
                "sha256:51571919508cab8fa1e9b65879922b80b3cee58ed348660292b080ba8ad3a090",
                "sha256:5a1e4724a02bd85b976e8aa345e8b8235b0e72c47e6a4921cec158e6dfecba93",
                "sha256:5ce6a980062e2a7d447b98bef7d873aa26c6bbb987548a617b2d39a82c7d8d94",
                "sha256:62d323a6910ccdf05c582111e79fc0f2dcf65777db30019b3c8a23c3180e6e56",
                "sha256:6d38711cde96806dcc002625fa9fbf1dc6a03635c260835e82a9554960c2b204",
                "sha256:71f1835f10e168f72cc82e5eb87c0ec3b186bc73c11555a25dbd066fce31ebe1",
                "sha256:7d39197048b9980471880b93b111e0f8e2c30a43c6f93fcfa5fec048c1d485b4",
                "sha256:7f0c8d5bec3c926d6bbc91002dca0af5b6f249a2c003de304223b8c24cd1566e",
                "sha256:817d99ab6b1dc7e56657c0bca0b2a4a0166c905b0a5f8a187e98581b09906770",
                "sha256:a21bcc329de1c8dacaf9f53cb04a50af9ea0185336942a0badc2dbaab3bcaf1c",
                "sha256:aa96468674ab27354f9b26da38bbd295dea2ac4051571db729b4f0710f336ce9",
                "sha256:aeeaabbae49d45435166404363283c80692141bc2a9f74239eee49c0fef77a7d",
                "sha256:c15bff383985a497b85dec1f9f755af7c33ab7e82883c5f311ead6980fdca8fc",
                "sha256:cfddc27130a3a3b38f159611777b4ead2a02f8a88ecfb6921e9959bc0df6d97f",
                "sha256:e898646878bd315e9cd7b738c293271e88d9a94efd260c8dc1bae80d60eade22",
                "sha256:ea7d80e2b406dba3b20836e95d76e926d0f80034e5a015c0d8309d820225cb5b"
            ],
            "index": "pypi",
            "version": "==8.0.16"
        },
        "openpyxl": {
            "hashes": [
                "sha256:626d38647c063d55803ef4971c4d43226538d4e95cb6260c094e363ee33e10c7"
            ],
            "version": "==2.4.11"
        },
        "protobuf": {
            "hashes": [
                "sha256:013a9ec4dccad9a6ed3aa1ad9e86a25a4e0d6d3bbe059b6f6502db20473c3e69",
                "sha256:0e00b4e4a4800b389ae7f0058e1fc9d012444fdde926569d8cce55c84a01ef74",
                "sha256:11f192d491613f692b3ddc18f06c925785b3019c8e35d32c811421ca9ff7d50e",
                "sha256:25f0ee57684f7bc3f0511b73cf55c016a891d09079c357794759663fe3da9cd3",
                "sha256:2ccc0169b5145b3af676b6997be6fe62961edfc12bb524a7b9c46fb5d208a3d4",
                "sha256:40f031f79b0254aa62082ca87776c0959d85adf99f09cdef9d0b320bb772a609",
                "sha256:44d824adb48fe8baf81e628c2edaf9911912cd592a83621d2b877ccfde631d61",
                "sha256:50f28efa66232a2fbbdd638dd61d9399ff66bcfde40ff305263b229692928081",
                "sha256:51e080fb1de5db54b0a6b1519ba8dda55e57404b0a4948e58f1342a3e15d89ec",
                "sha256:5c2ee13f5ea237a17bd81f52f972b7d334c0a43330d2a2a7b25b07f16eb146d8",
                "sha256:830a9c71df347b3fb3cd24ec985c4ed64f6e75983f543a1d8a3c96302dae915c",
                "sha256:867635c1d541ce336a1a4df3379d1116f02eba6dc326d080c8ef02f34036c415",
                "sha256:94b34486986d7683e83f9d02a0112533263fc20fae54fff3f4fd69451e682ec7",
                "sha256:ae4bcd5a0ce3f77d0523c3e5ed0d04ed2af454f7bf7cef08cb7a8d0915ac80a9",
                "sha256:b04449133e31b65924650d758efbc2397c2d0e5eb3c8cae7428ffc4fa9c3403d",
                "sha256:d892e487bd544463ce1e656434591593f710169335ac3f02ce30ee866c2f2464",
                "sha256:e9f13fadb15b80e4a83ef5d9fa44e19243b1e2d96e84ee2228ca305180ca059e",
                "sha256:ef69a10d45529a08367e70e736b3ce8e2af51360f23650ef1d4381ff9038467a",
                "sha256:f6d10b1f86cebb8008a256f474948fc6204391e02a9c12935eebf036bbb07b65",
                "sha256:fecf1b00ccc87bb8debca8b56458cc57c486d2d7afe22c7526728f79ffe232f4"
            ],
            "index": "pypi",
            "version": "==3.15.0"
        },
        "records": {
            "hashes": [
                "sha256:47e4874096f4a8f4b5bcad8c7c7cf512be36186e6e263ff3dfd750b05ff0d3c4",
                "sha256:cdbacf52c61b4a3bc10fef1286a24a63ae95255a2e7b4e8ccb1e1f96737231ed"
            ],
            "index": "pypi",
            "version": "==0.5.3"
        },
        "six": {
            "hashes": [
                "sha256:1e61c37477a1626458e36f7b1d82aa5c9b094fa4802892072e49de9c60c4c926",
                "sha256:8abb2f1d86890a2dfb989f9a77cfcfd3e47c2a354b01111771326f8aa26e0254"
            ],
            "markers": "python_version >= '2.7' and python_version not in '3.0, 3.1, 3.2, 3.3'",
            "version": "==1.16.0"
        },
        "sqlalchemy": {
            "hashes": [
                "sha256:05fa14f279d43df68964ad066f653193187909950aa0163320b728edfc400167",
                "sha256:0ddc5e5ccc0160e7ad190e5c61eb57560f38559e22586955f205e537cda26034",
                "sha256:15a03261aa1e68f208e71ae3cd845b00063d242cbf8c87348a0c2c0fc6e1f2ac",
                "sha256:289465162b1fa1e7a982f8abe59d26a8331211cad4942e8031d2b7db1f75e649",
                "sha256:2e216c13ecc7fcdcbb86bb3225425b3ed338e43a8810c7089ddb472676124b9b",
                "sha256:2fd4d3ca64c41dae31228b80556ab55b6489275fb204827f6560b65f95692cf3",
                "sha256:330eb45395874cc7787214fdd4489e2afb931bc49e0a7a8f9cd56d6e9c5b1639",
                "sha256:3c7ed6c69debaf6198fadb1c16ae1253a29a7670bbf0646f92582eb465a0b999",
                "sha256:4ad31cec8b49fd718470328ad9711f4dc703507d434fd45461096da0a7135ee0",
                "sha256:57205844f246bab9b666a32f59b046add8995c665d9ecb2b7b837b087df90639",
                "sha256:582b59d1e5780a447aada22b461e50b404a9dc05768da1d87368ad8190468418",
                "sha256:5e9c7b3567edbc2183607f7d9f3e7e89355b8f8984eec4d2cd1e1513c8f7b43f",
                "sha256:6a01ec49ca54ce03bc14e10de55dfc64187a2194b3b0e5ac0fdbe9b24767e79e",
                "sha256:6f22c040d196f841168b1456e77c30a18a3dc16b336ddbc5a24ce01ab4e95ae0",
                "sha256:81f2dd355b57770fdf292b54f3e0a9823ec27a543f947fa2eb4ec0df44f35f0d",
                "sha256:85e4c244e1de056d48dae466e9baf9437980c19fcde493e0db1a0a986e6d75b4",
                "sha256:8d0949b11681380b4a50ac3cd075e4816afe9fa4a8c8ae006c1ca26f0fa40ad8",
                "sha256:975f5c0793892c634c4920057da0de3a48bbbbd0a5c86f5fcf2f2fedf41b76da",
                "sha256:9e4fb2895b83993831ba2401b6404de953fdbfa9d7d4fa6a4756294a83bbc94f",
                "sha256:b35dca159c1c9fa8a5f9005e42133eed82705bf8e243da371a5e5826440e65ca",
                "sha256:b7b20c88873675903d6438d8b33fba027997193e274b9367421e610d9da76c08",
                "sha256:bb4b15fb1f0aafa65cbdc62d3c2078bea1ceecbfccc9a1f23a2113c9ac1191fa",
                "sha256:c0c7171aa5a57e522a04a31b84798b6c926234cb559c0939840c3235cf068813",
                "sha256:c317ddd7c586af350a6aef22b891e84b16bff1a27886ed5b30f15c1ed59caeaa",
                "sha256:c3abc34fed19fdeaead0ced8cf56dd121f08198008c033596aa6aae7cc58f59f",
                "sha256:ca68c52e3cae491ace2bf39b35fef4ce26c192fd70b4cd90f040d419f70893b5",
                "sha256:cf2cd387409b12d0a8b801610d6336ee7d24043b6dd965950eaec09b73e7262f",
                "sha256:d046a9aeba9bc53e88a41e58beb72b6205abb9a20f6c136161adf9128e589db5",
                "sha256:d5c20c8415173b119762b6110af64448adccd4d11f273fb9f718a9865b88a99c",
                "sha256:d86132922531f0dc5a4f424c7580a472a924dd737602638e704841c9cb24aea2",
                "sha256:dccff41478050e823271642837b904d5f9bda3f5cf7d371ce163f00a694118d6",
                "sha256:de85c26a5a1c72e695ab0454e92f60213b4459b8d7c502e0be7a6369690eeb1a",
                "sha256:e3a86b59b6227ef72ffc10d4b23f0fe994bef64d4667eab4fb8cd43de4223bec",
                "sha256:e79e73d5ee24196d3057340e356e6254af4d10e1fc22d3207ea8342fc5ffb977",
                "sha256:ea8210090a816d48a4291a47462bac750e3bc5c2442e6d64f7b8137a7c3f9ac5",
                "sha256:f3b7ec97e68b68cb1f9ddb82eda17b418f19a034fa8380a0ac04e8fe01532875"
            ],
            "markers": "python_version >= '3.0'",
            "version": "==1.4.31"
        },
        "tablib": {
            "hashes": [
                "sha256:12d8686454c721de88d8ca5adf07e1f419ef6dbcecedf65e8950d4a329daf3a0",
                "sha256:1ba12da7b0b17e33f5997fb1bc8ed560aae3535f5892ae5e5c01a056c47d4d78"
            ],
            "markers": "python_version >= '3.7'",
            "version": "==3.2.0"
        },
        "typing-extensions": {
            "hashes": [
                "sha256:4ca091dea149f945ec56afb48dae714f21e8692ef22a395223bcd328961b6a0e",
                "sha256:7f001e5ac290a0c0401508864c7ec868be4e701886d5b573a9528ed3973d9d3b"
            ],
            "markers": "python_version < '3.8'",
            "version": "==4.0.1"
        },
        "zipp": {
            "hashes": [
                "sha256:9f50f446828eb9d45b267433fd3e9da8d801f614129124863f9c51ebceafb87d",
                "sha256:b47250dd24f92b7dd6a0a8fc5244da14608f3ca90a5efcd37a3b1642fac9a375"
            ],
            "markers": "python_version >= '3.7'",
            "version": "==3.7.0"
        }
    },
    "develop": {}
}
